
Microsoft Visual Studio Solution File, Format Version 12.00
# Visual Studio Version 17
VisualStudioVersion = 17.4.33110.190
MinimumVisualStudioVersion = 10.0.40219.1
Project("{FAE04EC0-301F-11D3-BF4B-00C04F79EFBC}") = "ch12-01", "ch12-01\ch12-01.csproj", "{89CDC7EE-8AAB-4F5A-88EF-4C906EE98C4E}"
EndProject
Project("{FAE04EC0-301F-11D3-BF4B-00C04F79EFBC}") = "ch12-02", "ch12-02\ch12-02.csproj", "{4B8266A1-57E7-4588-AF02-393F05B46EF2}"
EndProject
Project("{FAE04EC0-301F-11D3-BF4B-00C04F79EFBC}") = "ch12-03", "ch12-03\ch12-03.csproj", "{134901DD-8208-4378-82AD-6F2FD379A046}"
EndProject
Project("{FAE04EC0-301F-11D3-BF4B-00C04F79EFBC}") = "ch12-05", "ch12-05\ch12-05.csproj", "{711A4CBB-9548-4409-9C49-5C0FA2313565}"
EndProject
Project("{FAE04EC0-301F-11D3-BF4B-00C04F79EFBC}") = "PenApp", "PenApp\PenApp.csproj", "{8FEC966F-F08E-4E92-9298-FFF7272F13D3}"
EndProject
Project("{FAE04EC0-301F-11D3-BF4B-00C04F79EFBC}") = "SolidBrushApp", "SolidBrushApp\SolidBrushApp.csproj", "{0D016171-7238-47D4-B5C5-D0F5B0A70C3C}"
EndProject
Project("{FAE04EC0-301F-11D3-BF4B-00C04F79EFBC}") = "TextureBrushApp", "TextureBrushApp\TextureBrushApp.csproj", "{F654F425-F1F7-45F3-99C7-B1F0A570D936}"
EndProject
Project("{FAE04EC0-301F-11D3-BF4B-00C04F79EFBC}") = "HatchBrushApp", "HatchBrushApp\HatchBrushApp.csproj", "{19F0A2BB-6156-4D9F-AEAD-E7526E545955}"
EndProject
Project("{FAE04EC0-301F-11D3-BF4B-00C04F79EFBC}") = "LinearGradientApp", "LinearGradientApp\LinearGradientApp.csproj", "{DC49119E-033A-4F7C-9335-4342F179969A}"
EndProject
Project("{FAE04EC0-301F-11D3-BF4B-00C04F79EFBC}") = "PathGradientBrushApp", "PathGradientBrushApp\PathGradientBrushApp.csproj", "{843C020E-F28C-4DCE-BFBF-CFA2A6479893}"
EndProject
Project("{FAE04EC0-301F-11D3-BF4B-00C04F79EFBC}") = "FontApp", "FontApp\FontApp.csproj", "{B9FACC5C-32AD-4D5F-B500-F03F9CBBB7EA}"
EndProject
Project("{FAE04EC0-301F-11D3-BF4B-00C04F79EFBC}") = "DrawLineApp-1", "DrawLineApp-1\DrawLineApp-1.csproj", "{37148D65-5B39-4914-97C5-35F462967EC1}"
EndProject
Project("{FAE04EC0-301F-11D3-BF4B-00C04F79EFBC}") = "DrawLineApp-2", "DrawLineApp-2\DrawLineApp-2.csproj", "{B5C0495B-E7E7-4035-81F8-51B2F126182D}"
EndProject
Project("{FAE04EC0-301F-11D3-BF4B-00C04F79EFBC}") = "DrawLineApp-3", "DrawLineApp-3\DrawLineApp-3.csproj", "{06467A76-07FC-487E-BB88-10CC6C01574C}"
EndProject
Project("{FAE04EC0-301F-11D3-BF4B-00C04F79EFBC}") = "DrawLineApp-4", "DrawLineApp-4\DrawLineApp-4.csproj", "{1FC2D424-1BFB-4B68-9262-E29095613A07}"
EndProject
Project("{FAE04EC0-301F-11D3-BF4B-00C04F79EFBC}") = "DrawLineApp-5", "DrawLineApp-5\DrawLineApp-5.csproj", "{FCCD843C-5768-4732-A8BD-BFF5CBED8306}"
EndProject
Project("{FAE04EC0-301F-11D3-BF4B-00C04F79EFBC}") = "DrawLineApp-6", "DrawLineApp-6\DrawLineApp-6.csproj", "{4FE141BA-FDC5-4FBD-BAD0-A555867AC276}"
EndProject
Project("{FAE04EC0-301F-11D3-BF4B-00C04F79EFBC}") = "DrawArcApp", "DrawArcApp\DrawArcApp.csproj", "{F3238F70-2DAF-496D-8D52-067177CD908B}"
EndProject
Project("{FAE04EC0-301F-11D3-BF4B-00C04F79EFBC}") = "DrawLineApp-7", "DrawLineApp-7\DrawLineApp-7.csproj", "{BBAA1EC7-5F8E-4F0C-BB63-3717D3B5F0DC}"
EndProject
Project("{FAE04EC0-301F-11D3-BF4B-00C04F79EFBC}") = "DrawLineApp-8", "DrawLineApp-8\DrawLineApp-8.csproj", "{84151626-59CB-4806-B37A-509DFEE237FC}"
EndProject
Project("{FAE04EC0-301F-11D3-BF4B-00C04F79EFBC}") = "DrawLineApp-9", "DrawLineApp-9\DrawLineApp-9.csproj", "{6B9A9E1D-7879-45AB-94EF-3C762483BDF1}"
EndProject
Project("{FAE04EC0-301F-11D3-BF4B-00C04F79EFBC}") = "DrawLineApp-10", "DrawLineApp-10\DrawLineApp-10.csproj", "{1729C407-7658-4B1E-903A-C4889C1E1425}"
EndProject
Project("{FAE04EC0-301F-11D3-BF4B-00C04F79EFBC}") = "DrawStringSample", "DrawStringSample\DrawStringSample.csproj", "{310807EA-0CCC-421E-A30F-2A077BCB079D}"
EndProject
Project("{FAE04EC0-301F-11D3-BF4B-00C04F79EFBC}") = "DrawStringApp", "DrawStringApp\DrawStringApp.csproj", "{CACCFBAC-E55A-4617-B043-0F43648B8924}"
EndProject
Project("{FAE04EC0-301F-11D3-BF4B-00C04F79EFBC}") = "StringFormatSample", "StringFormatSample\StringFormatSample.csproj", "{AF012E75-B0FA-425F-B6FE-51525CC93ED1}"
EndProject
Project("{FAE04EC0-301F-11D3-BF4B-00C04F79EFBC}") = "MeasureStringWidthSample", "MeasureStringWidthSample\MeasureStringWidthSample.csproj", "{F7522685-8578-4225-8293-BEE95FA58EF4}"
EndProject
Project("{FAE04EC0-301F-11D3-BF4B-00C04F79EFBC}") = "DrawImageApp-1", "DrawImageApp-1\DrawImageApp-1.csproj", "{C3251B8B-08B9-4E56-96DE-AADD6C17488F}"
EndProject
Project("{FAE04EC0-301F-11D3-BF4B-00C04F79EFBC}") = "DrawImageApp-2", "DrawImageApp-2\DrawImageApp-2.csproj", "{75A44B85-2219-4966-AFFC-EBAF53871971}"
EndProject
Project("{FAE04EC0-301F-11D3-BF4B-00C04F79EFBC}") = "DrawImageApp-3", "DrawImageApp-3\DrawImageApp-3.csproj", "{83E6D60D-FBDF-4F2A-AEF3-27BAE7D6898D}"
EndProject
Project("{FAE04EC0-301F-11D3-BF4B-00C04F79EFBC}") = "DrawimagePointsSample-1", "DrawimagePointsSample-1\DrawimagePointsSample-1.csproj", "{889F13DA-A5B8-4EB8-A65B-7C4C425DA0A6}"
EndProject
Project("{FAE04EC0-301F-11D3-BF4B-00C04F79EFBC}") = "DrawimagePointsSample-2", "DrawimagePointsSample-2\DrawimagePointsSample-2.csproj", "{FB5A38D2-5147-4E3B-A386-28EAB2ED6047}"
EndProject
Project("{FAE04EC0-301F-11D3-BF4B-00C04F79EFBC}") = "DrawimagePointsSample-3", "DrawimagePointsSample-3\DrawimagePointsSample-3.csproj", "{83C81196-904E-4DB2-B480-88AB70909138}"
EndProject
Project("{FAE04EC0-301F-11D3-BF4B-00C04F79EFBC}") = "PictureBox_Drawing_v1", "PictureBox_Drawing_v1\PictureBox_Drawing_v1.csproj", "{80CD9D94-0F84-49EB-830D-47F83343E9B4}"
EndProject
Project("{FAE04EC0-301F-11D3-BF4B-00C04F79EFBC}") = "PictureBox_Drawing_v2", "PictureBox_Drawing_v2\PictureBox_Drawing_v2.csproj", "{5F51E933-0C3C-4D53-A45A-40E7E35FA066}"
EndProject
Project("{FAE04EC0-301F-11D3-BF4B-00C04F79EFBC}") = "PictureBox_Drawing_v3", "PictureBox_Drawing_v3\PictureBox_Drawing_v3.csproj", "{AAA025FA-910B-4702-9938-823CA0696EE6}"
EndProject
Global
	GlobalSection(SolutionConfigurationPlatforms) = preSolution
		Debug|Any CPU = Debug|Any CPU
		Release|Any CPU = Release|Any CPU
	EndGlobalSection
	GlobalSection(ProjectConfigurationPlatforms) = postSolution
		{89CDC7EE-8AAB-4F5A-88EF-4C906EE98C4E}.Debug|Any CPU.ActiveCfg = Debug|Any CPU
		{89CDC7EE-8AAB-4F5A-88EF-4C906EE98C4E}.Debug|Any CPU.Build.0 = Debug|Any CPU
		{89CDC7EE-8AAB-4F5A-88EF-4C906EE98C4E}.Release|Any CPU.ActiveCfg = Release|Any CPU
		{89CDC7EE-8AAB-4F5A-88EF-4C906EE98C4E}.Release|Any CPU.Build.0 = Release|Any CPU
		{4B8266A1-57E7-4588-AF02-393F05B46EF2}.Debug|Any CPU.ActiveCfg = Debug|Any CPU
		{4B8266A1-57E7-4588-AF02-393F05B46EF2}.Debug|Any CPU.Build.0 = Debug|Any CPU
		{4B8266A1-57E7-4588-AF02-393F05B46EF2}.Release|Any CPU.ActiveCfg = Release|Any CPU
		{4B8266A1-57E7-4588-AF02-393F05B46EF2}.Release|Any CPU.Build.0 = Release|Any CPU
		{134901DD-8208-4378-82AD-6F2FD379A046}.Debug|Any CPU.ActiveCfg = Debug|Any CPU
		{134901DD-8208-4378-82AD-6F2FD379A046}.Debug|Any CPU.Build.0 = Debug|Any CPU
		{134901DD-8208-4378-82AD-6F2FD379A046}.Release|Any CPU.ActiveCfg = Release|Any CPU
		{134901DD-8208-4378-82AD-6F2FD379A046}.Release|Any CPU.Build.0 = Release|Any CPU
		{711A4CBB-9548-4409-9C49-5C0FA2313565}.Debug|Any CPU.ActiveCfg = Debug|Any CPU
		{711A4CBB-9548-4409-9C49-5C0FA2313565}.Debug|Any CPU.Build.0 = Debug|Any CPU
		{711A4CBB-9548-4409-9C49-5C0FA2313565}.Release|Any CPU.ActiveCfg = Release|Any CPU
		{711A4CBB-9548-4409-9C49-5C0FA2313565}.Release|Any CPU.Build.0 = Release|Any CPU
		{8FEC966F-F08E-4E92-9298-FFF7272F13D3}.Debug|Any CPU.ActiveCfg = Debug|Any CPU
		{8FEC966F-F08E-4E92-9298-FFF7272F13D3}.Debug|Any CPU.Build.0 = Debug|Any CPU
		{8FEC966F-F08E-4E92-9298-FFF7272F13D3}.Release|Any CPU.ActiveCfg = Release|Any CPU
		{8FEC966F-F08E-4E92-9298-FFF7272F13D3}.Release|Any CPU.Build.0 = Release|Any CPU
		{0D016171-7238-47D4-B5C5-D0F5B0A70C3C}.Debug|Any CPU.ActiveCfg = Debug|Any CPU
		{0D016171-7238-47D4-B5C5-D0F5B0A70C3C}.Debug|Any CPU.Build.0 = Debug|Any CPU
		{0D016171-7238-47D4-B5C5-D0F5B0A70C3C}.Release|Any CPU.ActiveCfg = Release|Any CPU
		{0D016171-7238-47D4-B5C5-D0F5B0A70C3C}.Release|Any CPU.Build.0 = Release|Any CPU
		{F654F425-F1F7-45F3-99C7-B1F0A570D936}.Debug|Any CPU.ActiveCfg = Debug|Any CPU
		{F654F425-F1F7-45F3-99C7-B1F0A570D936}.Debug|Any CPU.Build.0 = Debug|Any CPU
		{F654F425-F1F7-45F3-99C7-B1F0A570D936}.Release|Any CPU.ActiveCfg = Release|Any CPU
		{F654F425-F1F7-45F3-99C7-B1F0A570D936}.Release|Any CPU.Build.0 = Release|Any CPU
		{19F0A2BB-6156-4D9F-AEAD-E7526E545955}.Debug|Any CPU.ActiveCfg = Debug|Any CPU
		{19F0A2BB-6156-4D9F-AEAD-E7526E545955}.Debug|Any CPU.Build.0 = Debug|Any CPU
		{19F0A2BB-6156-4D9F-AEAD-E7526E545955}.Release|Any CPU.ActiveCfg = Release|Any CPU
		{19F0A2BB-6156-4D9F-AEAD-E7526E545955}.Release|Any CPU.Build.0 = Release|Any CPU
		{DC49119E-033A-4F7C-9335-4342F179969A}.Debug|Any CPU.ActiveCfg = Debug|Any CPU
		{DC49119E-033A-4F7C-9335-4342F179969A}.Debug|Any CPU.Build.0 = Debug|Any CPU
		{DC49119E-033A-4F7C-9335-4342F179969A}.Release|Any CPU.ActiveCfg = Release|Any CPU
		{DC49119E-033A-4F7C-9335-4342F179969A}.Release|Any CPU.Build.0 = Release|Any CPU
		{843C020E-F28C-4DCE-BFBF-CFA2A6479893}.Debug|Any CPU.ActiveCfg = Debug|Any CPU
		{843C020E-F28C-4DCE-BFBF-CFA2A6479893}.Debug|Any CPU.Build.0 = Debug|Any CPU
		{843C020E-F28C-4DCE-BFBF-CFA2A6479893}.Release|Any CPU.ActiveCfg = Release|Any CPU
		{843C020E-F28C-4DCE-BFBF-CFA2A6479893}.Release|Any CPU.Build.0 = Release|Any CPU
		{B9FACC5C-32AD-4D5F-B500-F03F9CBBB7EA}.Debug|Any CPU.ActiveCfg = Debug|Any CPU
		{B9FACC5C-32AD-4D5F-B500-F03F9CBBB7EA}.Debug|Any CPU.Build.0 = Debug|Any CPU
		{B9FACC5C-32AD-4D5F-B500-F03F9CBBB7EA}.Release|Any CPU.ActiveCfg = Release|Any CPU
		{B9FACC5C-32AD-4D5F-B500-F03F9CBBB7EA}.Release|Any CPU.Build.0 = Release|Any CPU
		{37148D65-5B39-4914-97C5-35F462967EC1}.Debug|Any CPU.ActiveCfg = Debug|Any CPU
		{37148D65-5B39-4914-97C5-35F462967EC1}.Debug|Any CPU.Build.0 = Debug|Any CPU
		{37148D65-5B39-4914-97C5-35F462967EC1}.Release|Any CPU.ActiveCfg = Release|Any CPU
		{37148D65-5B39-4914-97C5-35F462967EC1}.Release|Any CPU.Build.0 = Release|Any CPU
		{B5C0495B-E7E7-4035-81F8-51B2F126182D}.Debug|Any CPU.ActiveCfg = Debug|Any CPU
		{B5C0495B-E7E7-4035-81F8-51B2F126182D}.Debug|Any CPU.Build.0 = Debug|Any CPU
		{B5C0495B-E7E7-4035-81F8-51B2F126182D}.Release|Any CPU.ActiveCfg = Release|Any CPU
		{B5C0495B-E7E7-4035-81F8-51B2F126182D}.Release|Any CPU.Build.0 = Release|Any CPU
		{06467A76-07FC-487E-BB88-10CC6C01574C}.Debug|Any CPU.ActiveCfg = Debug|Any CPU
		{06467A76-07FC-487E-BB88-10CC6C01574C}.Debug|Any CPU.Build.0 = Debug|Any CPU
		{06467A76-07FC-487E-BB88-10CC6C01574C}.Release|Any CPU.ActiveCfg = Release|Any CPU
		{06467A76-07FC-487E-BB88-10CC6C01574C}.Release|Any CPU.Build.0 = Release|Any CPU
		{1FC2D424-1BFB-4B68-9262-E29095613A07}.Debug|Any CPU.ActiveCfg = Debug|Any CPU
		{1FC2D424-1BFB-4B68-9262-E29095613A07}.Debug|Any CPU.Build.0 = Debug|Any CPU
		{1FC2D424-1BFB-4B68-9262-E29095613A07}.Release|Any CPU.ActiveCfg = Release|Any CPU
		{1FC2D424-1BFB-4B68-9262-E29095613A07}.Release|Any CPU.Build.0 = Release|Any CPU
		{FCCD843C-5768-4732-A8BD-BFF5CBED8306}.Debug|Any CPU.ActiveCfg = Debug|Any CPU
		{FCCD843C-5768-4732-A8BD-BFF5CBED8306}.Debug|Any CPU.Build.0 = Debug|Any CPU
		{FCCD843C-5768-4732-A8BD-BFF5CBED8306}.Release|Any CPU.ActiveCfg = Release|Any CPU
		{FCCD843C-5768-4732-A8BD-BFF5CBED8306}.Release|Any CPU.Build.0 = Release|Any CPU
		{4FE141BA-FDC5-4FBD-BAD0-A555867AC276}.Debug|Any CPU.ActiveCfg = Debug|Any CPU
		{4FE141BA-FDC5-4FBD-BAD0-A555867AC276}.Debug|Any CPU.Build.0 = Debug|Any CPU
		{4FE141BA-FDC5-4FBD-BAD0-A555867AC276}.Release|Any CPU.ActiveCfg = Release|Any CPU
		{4FE141BA-FDC5-4FBD-BAD0-A555867AC276}.Release|Any CPU.Build.0 = Release|Any CPU
		{F3238F70-2DAF-496D-8D52-067177CD908B}.Debug|Any CPU.ActiveCfg = Debug|Any CPU
		{F3238F70-2DAF-496D-8D52-067177CD908B}.Debug|Any CPU.Build.0 = Debug|Any CPU
		{F3238F70-2DAF-496D-8D52-067177CD908B}.Release|Any CPU.ActiveCfg = Release|Any CPU
		{F3238F70-2DAF-496D-8D52-067177CD908B}.Release|Any CPU.Build.0 = Release|Any CPU
		{BBAA1EC7-5F8E-4F0C-BB63-3717D3B5F0DC}.Debug|Any CPU.ActiveCfg = Debug|Any CPU
		{BBAA1EC7-5F8E-4F0C-BB63-3717D3B5F0DC}.Debug|Any CPU.Build.0 = Debug|Any CPU
		{BBAA1EC7-5F8E-4F0C-BB63-3717D3B5F0DC}.Release|Any CPU.ActiveCfg = Release|Any CPU
		{BBAA1EC7-5F8E-4F0C-BB63-3717D3B5F0DC}.Release|Any CPU.Build.0 = Release|Any CPU
		{84151626-59CB-4806-B37A-509DFEE237FC}.Debug|Any CPU.ActiveCfg = Debug|Any CPU
		{84151626-59CB-4806-B37A-509DFEE237FC}.Debug|Any CPU.Build.0 = Debug|Any CPU
		{84151626-59CB-4806-B37A-509DFEE237FC}.Release|Any CPU.ActiveCfg = Release|Any CPU
		{84151626-59CB-4806-B37A-509DFEE237FC}.Release|Any CPU.Build.0 = Release|Any CPU
		{6B9A9E1D-7879-45AB-94EF-3C762483BDF1}.Debug|Any CPU.ActiveCfg = Debug|Any CPU
		{6B9A9E1D-7879-45AB-94EF-3C762483BDF1}.Debug|Any CPU.Build.0 = Debug|Any CPU
		{6B9A9E1D-7879-45AB-94EF-3C762483BDF1}.Release|Any CPU.ActiveCfg = Release|Any CPU
		{6B9A9E1D-7879-45AB-94EF-3C762483BDF1}.Release|Any CPU.Build.0 = Release|Any CPU
		{1729C407-7658-4B1E-903A-C4889C1E1425}.Debug|Any CPU.ActiveCfg = Debug|Any CPU
		{1729C407-7658-4B1E-903A-C4889C1E1425}.Debug|Any CPU.Build.0 = Debug|Any CPU
		{1729C407-7658-4B1E-903A-C4889C1E1425}.Release|Any CPU.ActiveCfg = Release|Any CPU
		{1729C407-7658-4B1E-903A-C4889C1E1425}.Release|Any CPU.Build.0 = Release|Any CPU
		{310807EA-0CCC-421E-A30F-2A077BCB079D}.Debug|Any CPU.ActiveCfg = Debug|Any CPU
		{310807EA-0CCC-421E-A30F-2A077BCB079D}.Debug|Any CPU.Build.0 = Debug|Any CPU
		{310807EA-0CCC-421E-A30F-2A077BCB079D}.Release|Any CPU.ActiveCfg = Release|Any CPU
		{310807EA-0CCC-421E-A30F-2A077BCB079D}.Release|Any CPU.Build.0 = Release|Any CPU
		{CACCFBAC-E55A-4617-B043-0F43648B8924}.Debug|Any CPU.ActiveCfg = Debug|Any CPU
		{CACCFBAC-E55A-4617-B043-0F43648B8924}.Debug|Any CPU.Build.0 = Debug|Any CPU
		{CACCFBAC-E55A-4617-B043-0F43648B8924}.Release|Any CPU.ActiveCfg = Release|Any CPU
		{CACCFBAC-E55A-4617-B043-0F43648B8924}.Release|Any CPU.Build.0 = Release|Any CPU
		{AF012E75-B0FA-425F-B6FE-51525CC93ED1}.Debug|Any CPU.ActiveCfg = Debug|Any CPU
		{AF012E75-B0FA-425F-B6FE-51525CC93ED1}.Debug|Any CPU.Build.0 = Debug|Any CPU
		{AF012E75-B0FA-425F-B6FE-51525CC93ED1}.Release|Any CPU.ActiveCfg = Release|Any CPU
		{AF012E75-B0FA-425F-B6FE-51525CC93ED1}.Release|Any CPU.Build.0 = Release|Any CPU
		{F7522685-8578-4225-8293-BEE95FA58EF4}.Debug|Any CPU.ActiveCfg = Debug|Any CPU
		{F7522685-8578-4225-8293-BEE95FA58EF4}.Debug|Any CPU.Build.0 = Debug|Any CPU
		{F7522685-8578-4225-8293-BEE95FA58EF4}.Release|Any CPU.ActiveCfg = Release|Any CPU
		{F7522685-8578-4225-8293-BEE95FA58EF4}.Release|Any CPU.Build.0 = Release|Any CPU
		{C3251B8B-08B9-4E56-96DE-AADD6C17488F}.Debug|Any CPU.ActiveCfg = Debug|Any CPU
		{C3251B8B-08B9-4E56-96DE-AADD6C17488F}.Debug|Any CPU.Build.0 = Debug|Any CPU
		{C3251B8B-08B9-4E56-96DE-AADD6C17488F}.Release|Any CPU.ActiveCfg = Release|Any CPU
		{C3251B8B-08B9-4E56-96DE-AADD6C17488F}.Release|Any CPU.Build.0 = Release|Any CPU
		{75A44B85-2219-4966-AFFC-EBAF53871971}.Debug|Any CPU.ActiveCfg = Debug|Any CPU
		{75A44B85-2219-4966-AFFC-EBAF53871971}.Debug|Any CPU.Build.0 = Debug|Any CPU
		{75A44B85-2219-4966-AFFC-EBAF53871971}.Release|Any CPU.ActiveCfg = Release|Any CPU
		{75A44B85-2219-4966-AFFC-EBAF53871971}.Release|Any CPU.Build.0 = Release|Any CPU
		{83E6D60D-FBDF-4F2A-AEF3-27BAE7D6898D}.Debug|Any CPU.ActiveCfg = Debug|Any CPU
		{83E6D60D-FBDF-4F2A-AEF3-27BAE7D6898D}.Debug|Any CPU.Build.0 = Debug|Any CPU
		{83E6D60D-FBDF-4F2A-AEF3-27BAE7D6898D}.Release|Any CPU.ActiveCfg = Release|Any CPU
		{83E6D60D-FBDF-4F2A-AEF3-27BAE7D6898D}.Release|Any CPU.Build.0 = Release|Any CPU
		{889F13DA-A5B8-4EB8-A65B-7C4C425DA0A6}.Debug|Any CPU.ActiveCfg = Debug|Any CPU
		{889F13DA-A5B8-4EB8-A65B-7C4C425DA0A6}.Debug|Any CPU.Build.0 = Debug|Any CPU
		{889F13DA-A5B8-4EB8-A65B-7C4C425DA0A6}.Release|Any CPU.ActiveCfg = Release|Any CPU
		{889F13DA-A5B8-4EB8-A65B-7C4C425DA0A6}.Release|Any CPU.Build.0 = Release|Any CPU
		{FB5A38D2-5147-4E3B-A386-28EAB2ED6047}.Debug|Any CPU.ActiveCfg = Debug|Any CPU
		{FB5A38D2-5147-4E3B-A386-28EAB2ED6047}.Debug|Any CPU.Build.0 = Debug|Any CPU
		{FB5A38D2-5147-4E3B-A386-28EAB2ED6047}.Release|Any CPU.ActiveCfg = Release|Any CPU
		{FB5A38D2-5147-4E3B-A386-28EAB2ED6047}.Release|Any CPU.Build.0 = Release|Any CPU
		{83C81196-904E-4DB2-B480-88AB70909138}.Debug|Any CPU.ActiveCfg = Debug|Any CPU
		{83C81196-904E-4DB2-B480-88AB70909138}.Debug|Any CPU.Build.0 = Debug|Any CPU
		{83C81196-904E-4DB2-B480-88AB70909138}.Release|Any CPU.ActiveCfg = Release|Any CPU
		{83C81196-904E-4DB2-B480-88AB70909138}.Release|Any CPU.Build.0 = Release|Any CPU
		{80CD9D94-0F84-49EB-830D-47F83343E9B4}.Debug|Any CPU.ActiveCfg = Debug|Any CPU
		{80CD9D94-0F84-49EB-830D-47F83343E9B4}.Debug|Any CPU.Build.0 = Debug|Any CPU
		{80CD9D94-0F84-49EB-830D-47F83343E9B4}.Release|Any CPU.ActiveCfg = Release|Any CPU
		{80CD9D94-0F84-49EB-830D-47F83343E9B4}.Release|Any CPU.Build.0 = Release|Any CPU
		{5F51E933-0C3C-4D53-A45A-40E7E35FA066}.Debug|Any CPU.ActiveCfg = Debug|Any CPU
		{5F51E933-0C3C-4D53-A45A-40E7E35FA066}.Debug|Any CPU.Build.0 = Debug|Any CPU
		{5F51E933-0C3C-4D53-A45A-40E7E35FA066}.Release|Any CPU.ActiveCfg = Release|Any CPU
		{5F51E933-0C3C-4D53-A45A-40E7E35FA066}.Release|Any CPU.Build.0 = Release|Any CPU
		{AAA025FA-910B-4702-9938-823CA0696EE6}.Debug|Any CPU.ActiveCfg = Debug|Any CPU
		{AAA025FA-910B-4702-9938-823CA0696EE6}.Debug|Any CPU.Build.0 = Debug|Any CPU
		{AAA025FA-910B-4702-9938-823CA0696EE6}.Release|Any CPU.ActiveCfg = Release|Any CPU
		{AAA025FA-910B-4702-9938-823CA0696EE6}.Release|Any CPU.Build.0 = Release|Any CPU
	EndGlobalSection
	GlobalSection(SolutionProperties) = preSolution
		HideSolutionNode = FALSE
	EndGlobalSection
	GlobalSection(ExtensibilityGlobals) = postSolution
		SolutionGuid = {151FF250-B811-459D-8E6C-97B30BF85B0D}
	EndGlobalSection
EndGlobal
