
Microsoft Visual Studio Solution File, Format Version 12.00
# Visual Studio Version 17
VisualStudioVersion = 17.4.33110.190
MinimumVisualStudioVersion = 10.0.40219.1
Project("{FAE04EC0-301F-11D3-BF4B-00C04F79EFBC}") = "ch12-01", "ch12-01\ch12-01.csproj", "{89CDC7EE-8AAB-4F5A-88EF-4C906EE98C4E}"
EndProject
Project("{FAE04EC0-301F-11D3-BF4B-00C04F79EFBC}") = "ch12-02", "ch12-02\ch12-02.csproj", "{4B8266A1-57E7-4588-AF02-393F05B46EF2}"
EndProject
Project("{FAE04EC0-301F-11D3-BF4B-00C04F79EFBC}") = "ch12-03", "ch12-03\ch12-03.csproj", "{134901DD-8208-4378-82AD-6F2FD379A046}"
EndProject
Project("{FAE04EC0-301F-11D3-BF4B-00C04F79EFBC}") = "ch12-05", "ch12-05\ch12-05.csproj", "{711A4CBB-9548-4409-9C49-5C0FA2313565}"
EndProject
Project("{FAE04EC0-301F-11D3-BF4B-00C04F79EFBC}") = "PenApp", "PenApp\PenApp.csproj", "{8FEC966F-F08E-4E92-9298-FFF7272F13D3}"
EndProject
Project("{FAE04EC0-301F-11D3-BF4B-00C04F79EFBC}") = "SolidBrushApp", "SolidBrushApp\SolidBrushApp.csproj", "{0D016171-7238-47D4-B5C5-D0F5B0A70C3C}"
EndProject
Project("{FAE04EC0-301F-11D3-BF4B-00C04F79EFBC}") = "TextureBrushApp", "TextureBrushApp\TextureBrushApp.csproj", "{F654F425-F1F7-45F3-99C7-B1F0A570D936}"
EndProject
Project("{FAE04EC0-301F-11D3-BF4B-00C04F79EFBC}") = "HatchBrushApp", "HatchBrushApp\HatchBrushApp.csproj", "{19F0A2BB-6156-4D9F-AEAD-E7526E545955}"
EndProject
Project("{FAE04EC0-301F-11D3-BF4B-00C04F79EFBC}") = "LinearGradientApp", "LinearGradientApp\LinearGradientApp.csproj", "{DC49119E-033A-4F7C-9335-4342F179969A}"
EndProject
Project("{FAE04EC0-301F-11D3-BF4B-00C04F79EFBC}") = "PathGradientBrushApp", "PathGradientBrushApp\PathGradientBrushApp.csproj", "{843C020E-F28C-4DCE-BFBF-CFA2A6479893}"
EndProject
Project("{FAE04EC0-301F-11D3-BF4B-00C04F79EFBC}") = "FontApp", "FontApp\FontApp.csproj", "{B9FACC5C-32AD-4D5F-B500-F03F9CBBB7EA}"
EndProject
Global
	GlobalSection(SolutionConfigurationPlatforms) = preSolution
		Debug|Any CPU = Debug|Any CPU
		Release|Any CPU = Release|Any CPU
	EndGlobalSection
	GlobalSection(ProjectConfigurationPlatforms) = postSolution
		{89CDC7EE-8AAB-4F5A-88EF-4C906EE98C4E}.Debug|Any CPU.ActiveCfg = Debug|Any CPU
		{89CDC7EE-8AAB-4F5A-88EF-4C906EE98C4E}.Debug|Any CPU.Build.0 = Debug|Any CPU
		{89CDC7EE-8AAB-4F5A-88EF-4C906EE98C4E}.Release|Any CPU.ActiveCfg = Release|Any CPU
		{89CDC7EE-8AAB-4F5A-88EF-4C906EE98C4E}.Release|Any CPU.Build.0 = Release|Any CPU
		{4B8266A1-57E7-4588-AF02-393F05B46EF2}.Debug|Any CPU.ActiveCfg = Debug|Any CPU
		{4B8266A1-57E7-4588-AF02-393F05B46EF2}.Debug|Any CPU.Build.0 = Debug|Any CPU
		{4B8266A1-57E7-4588-AF02-393F05B46EF2}.Release|Any CPU.ActiveCfg = Release|Any CPU
		{4B8266A1-57E7-4588-AF02-393F05B46EF2}.Release|Any CPU.Build.0 = Release|Any CPU
		{134901DD-8208-4378-82AD-6F2FD379A046}.Debug|Any CPU.ActiveCfg = Debug|Any CPU
		{134901DD-8208-4378-82AD-6F2FD379A046}.Debug|Any CPU.Build.0 = Debug|Any CPU
		{134901DD-8208-4378-82AD-6F2FD379A046}.Release|Any CPU.ActiveCfg = Release|Any CPU
		{134901DD-8208-4378-82AD-6F2FD379A046}.Release|Any CPU.Build.0 = Release|Any CPU
		{711A4CBB-9548-4409-9C49-5C0FA2313565}.Debug|Any CPU.ActiveCfg = Debug|Any CPU
		{711A4CBB-9548-4409-9C49-5C0FA2313565}.Debug|Any CPU.Build.0 = Debug|Any CPU
		{711A4CBB-9548-4409-9C49-5C0FA2313565}.Release|Any CPU.ActiveCfg = Release|Any CPU
		{711A4CBB-9548-4409-9C49-5C0FA2313565}.Release|Any CPU.Build.0 = Release|Any CPU
		{8FEC966F-F08E-4E92-9298-FFF7272F13D3}.Debug|Any CPU.ActiveCfg = Debug|Any CPU
		{8FEC966F-F08E-4E92-9298-FFF7272F13D3}.Debug|Any CPU.Build.0 = Debug|Any CPU
		{8FEC966F-F08E-4E92-9298-FFF7272F13D3}.Release|Any CPU.ActiveCfg = Release|Any CPU
		{8FEC966F-F08E-4E92-9298-FFF7272F13D3}.Release|Any CPU.Build.0 = Release|Any CPU
		{0D016171-7238-47D4-B5C5-D0F5B0A70C3C}.Debug|Any CPU.ActiveCfg = Debug|Any CPU
		{0D016171-7238-47D4-B5C5-D0F5B0A70C3C}.Debug|Any CPU.Build.0 = Debug|Any CPU
		{0D016171-7238-47D4-B5C5-D0F5B0A70C3C}.Release|Any CPU.ActiveCfg = Release|Any CPU
		{0D016171-7238-47D4-B5C5-D0F5B0A70C3C}.Release|Any CPU.Build.0 = Release|Any CPU
		{F654F425-F1F7-45F3-99C7-B1F0A570D936}.Debug|Any CPU.ActiveCfg = Debug|Any CPU
		{F654F425-F1F7-45F3-99C7-B1F0A570D936}.Debug|Any CPU.Build.0 = Debug|Any CPU
		{F654F425-F1F7-45F3-99C7-B1F0A570D936}.Release|Any CPU.ActiveCfg = Release|Any CPU
		{F654F425-F1F7-45F3-99C7-B1F0A570D936}.Release|Any CPU.Build.0 = Release|Any CPU
		{19F0A2BB-6156-4D9F-AEAD-E7526E545955}.Debug|Any CPU.ActiveCfg = Debug|Any CPU
		{19F0A2BB-6156-4D9F-AEAD-E7526E545955}.Debug|Any CPU.Build.0 = Debug|Any CPU
		{19F0A2BB-6156-4D9F-AEAD-E7526E545955}.Release|Any CPU.ActiveCfg = Release|Any CPU
		{19F0A2BB-6156-4D9F-AEAD-E7526E545955}.Release|Any CPU.Build.0 = Release|Any CPU
		{DC49119E-033A-4F7C-9335-4342F179969A}.Debug|Any CPU.ActiveCfg = Debug|Any CPU
		{DC49119E-033A-4F7C-9335-4342F179969A}.Debug|Any CPU.Build.0 = Debug|Any CPU
		{DC49119E-033A-4F7C-9335-4342F179969A}.Release|Any CPU.ActiveCfg = Release|Any CPU
		{DC49119E-033A-4F7C-9335-4342F179969A}.Release|Any CPU.Build.0 = Release|Any CPU
		{843C020E-F28C-4DCE-BFBF-CFA2A6479893}.Debug|Any CPU.ActiveCfg = Debug|Any CPU
		{843C020E-F28C-4DCE-BFBF-CFA2A6479893}.Debug|Any CPU.Build.0 = Debug|Any CPU
		{843C020E-F28C-4DCE-BFBF-CFA2A6479893}.Release|Any CPU.ActiveCfg = Release|Any CPU
		{843C020E-F28C-4DCE-BFBF-CFA2A6479893}.Release|Any CPU.Build.0 = Release|Any CPU
		{B9FACC5C-32AD-4D5F-B500-F03F9CBBB7EA}.Debug|Any CPU.ActiveCfg = Debug|Any CPU
		{B9FACC5C-32AD-4D5F-B500-F03F9CBBB7EA}.Debug|Any CPU.Build.0 = Debug|Any CPU
		{B9FACC5C-32AD-4D5F-B500-F03F9CBBB7EA}.Release|Any CPU.ActiveCfg = Release|Any CPU
		{B9FACC5C-32AD-4D5F-B500-F03F9CBBB7EA}.Release|Any CPU.Build.0 = Release|Any CPU
	EndGlobalSection
	GlobalSection(SolutionProperties) = preSolution
		HideSolutionNode = FALSE
	EndGlobalSection
	GlobalSection(ExtensibilityGlobals) = postSolution
		SolutionGuid = {151FF250-B811-459D-8E6C-97B30BF85B0D}
	EndGlobalSection
EndGlobal
