
Microsoft Visual Studio Solution File, Format Version 12.00
# Visual Studio Version 17
VisualStudioVersion = 17.4.33110.190
MinimumVisualStudioVersion = 10.0.40219.1
Project("{FAE04EC0-301F-11D3-BF4B-00C04F79EFBC}") = "ch12-01", "ch12-01\ch12-01.csproj", "{89CDC7EE-8AAB-4F5A-88EF-4C906EE98C4E}"
EndProject
Project("{FAE04EC0-301F-11D3-BF4B-00C04F79EFBC}") = "ch12-02", "ch12-02\ch12-02.csproj", "{4B8266A1-57E7-4588-AF02-393F05B46EF2}"
EndProject
Project("{FAE04EC0-301F-11D3-BF4B-00C04F79EFBC}") = "ch12-03", "ch12-03\ch12-03.csproj", "{134901DD-8208-4378-82AD-6F2FD379A046}"
EndProject
Project("{FAE04EC0-301F-11D3-BF4B-00C04F79EFBC}") = "ch12-05", "ch12-05\ch12-05.csproj", "{711A4CBB-9548-4409-9C49-5C0FA2313565}"
EndProject
Project("{FAE04EC0-301F-11D3-BF4B-00C04F79EFBC}") = "PenApp", "PenApp\PenApp.csproj", "{8FEC966F-F08E-4E92-9298-FFF7272F13D3}"
EndProject
Global
	GlobalSection(SolutionConfigurationPlatforms) = preSolution
		Debug|Any CPU = Debug|Any CPU
		Release|Any CPU = Release|Any CPU
	EndGlobalSection
	GlobalSection(ProjectConfigurationPlatforms) = postSolution
		{89CDC7EE-8AAB-4F5A-88EF-4C906EE98C4E}.Debug|Any CPU.ActiveCfg = Debug|Any CPU
		{89CDC7EE-8AAB-4F5A-88EF-4C906EE98C4E}.Debug|Any CPU.Build.0 = Debug|Any CPU
		{89CDC7EE-8AAB-4F5A-88EF-4C906EE98C4E}.Release|Any CPU.ActiveCfg = Release|Any CPU
		{89CDC7EE-8AAB-4F5A-88EF-4C906EE98C4E}.Release|Any CPU.Build.0 = Release|Any CPU
		{4B8266A1-57E7-4588-AF02-393F05B46EF2}.Debug|Any CPU.ActiveCfg = Debug|Any CPU
		{4B8266A1-57E7-4588-AF02-393F05B46EF2}.Debug|Any CPU.Build.0 = Debug|Any CPU
		{4B8266A1-57E7-4588-AF02-393F05B46EF2}.Release|Any CPU.ActiveCfg = Release|Any CPU
		{4B8266A1-57E7-4588-AF02-393F05B46EF2}.Release|Any CPU.Build.0 = Release|Any CPU
		{134901DD-8208-4378-82AD-6F2FD379A046}.Debug|Any CPU.ActiveCfg = Debug|Any CPU
		{134901DD-8208-4378-82AD-6F2FD379A046}.Debug|Any CPU.Build.0 = Debug|Any CPU
		{134901DD-8208-4378-82AD-6F2FD379A046}.Release|Any CPU.ActiveCfg = Release|Any CPU
		{134901DD-8208-4378-82AD-6F2FD379A046}.Release|Any CPU.Build.0 = Release|Any CPU
		{711A4CBB-9548-4409-9C49-5C0FA2313565}.Debug|Any CPU.ActiveCfg = Debug|Any CPU
		{711A4CBB-9548-4409-9C49-5C0FA2313565}.Debug|Any CPU.Build.0 = Debug|Any CPU
		{711A4CBB-9548-4409-9C49-5C0FA2313565}.Release|Any CPU.ActiveCfg = Release|Any CPU
		{711A4CBB-9548-4409-9C49-5C0FA2313565}.Release|Any CPU.Build.0 = Release|Any CPU
		{8FEC966F-F08E-4E92-9298-FFF7272F13D3}.Debug|Any CPU.ActiveCfg = Debug|Any CPU
		{8FEC966F-F08E-4E92-9298-FFF7272F13D3}.Debug|Any CPU.Build.0 = Debug|Any CPU
		{8FEC966F-F08E-4E92-9298-FFF7272F13D3}.Release|Any CPU.ActiveCfg = Release|Any CPU
		{8FEC966F-F08E-4E92-9298-FFF7272F13D3}.Release|Any CPU.Build.0 = Release|Any CPU
	EndGlobalSection
	GlobalSection(SolutionProperties) = preSolution
		HideSolutionNode = FALSE
	EndGlobalSection
	GlobalSection(ExtensibilityGlobals) = postSolution
		SolutionGuid = {151FF250-B811-459D-8E6C-97B30BF85B0D}
	EndGlobalSection
EndGlobal
