
Microsoft Visual Studio Solution File, Format Version 12.00
# Visual Studio Version 17
VisualStudioVersion = 17.4.33110.190
MinimumVisualStudioVersion = 10.0.40219.1
Project("{FAE04EC0-301F-11D3-BF4B-00C04F79EFBC}") = "ch10-03", "ch10-03\ch10-03.csproj", "{70AEEFA1-8944-4FE2-9EF8-4D97D69A2B35}"
EndProject
Project("{FAE04EC0-301F-11D3-BF4B-00C04F79EFBC}") = "ch10-01", "ch10-01\ch10-01.csproj", "{ACEF22DA-C987-4FFE-B2B2-B7A2FCF2C6FF}"
EndProject
Project("{FAE04EC0-301F-11D3-BF4B-00C04F79EFBC}") = "ch10-02", "ch10-02\ch10-02.csproj", "{A19F2150-CF70-4F4B-8599-262BD57C4A91}"
EndProject
Project("{FAE04EC0-301F-11D3-BF4B-00C04F79EFBC}") = "WF_ContextMenu", "WF_ContextMenu\WF_ContextMenu.csproj", "{4B1F15AB-6009-43FF-911A-9153E3C5A775}"
EndProject
Project("{FAE04EC0-301F-11D3-BF4B-00C04F79EFBC}") = "ch10-04", "ch10-04\ch10-04.csproj", "{6EC8D1AD-AEBC-4376-AC9C-869FD1F11FAC}"
EndProject
Project("{FAE04EC0-301F-11D3-BF4B-00C04F79EFBC}") = "ch10-05", "ch10-05\ch10-05.csproj", "{0DECB10D-C908-4B3F-AC00-24EC16D6959D}"
EndProject
Project("{FAE04EC0-301F-11D3-BF4B-00C04F79EFBC}") = "ch10-06", "ch10-06\ch10-06.csproj", "{E32C9954-B93D-4389-9F50-599049E1AB59}"
EndProject
Project("{FAE04EC0-301F-11D3-BF4B-00C04F79EFBC}") = "ch10-07", "ch10-07\ch10-07.csproj", "{117CEBC2-124C-4474-8ECE-52A27965D17D}"
EndProject
Project("{FAE04EC0-301F-11D3-BF4B-00C04F79EFBC}") = "ch10-08", "ch10-08\ch10-08.csproj", "{7025A0F2-20FB-4677-94F6-A4E9D71B48AE}"
EndProject
Project("{FAE04EC0-301F-11D3-BF4B-00C04F79EFBC}") = "KeyEventArgs", "KeyEventArgs\KeyEventArgs.csproj", "{69AFE221-4D6A-4897-AE5D-836CA76036F1}"
EndProject
Project("{FAE04EC0-301F-11D3-BF4B-00C04F79EFBC}") = "ch10-09", "ch10-09\ch10-09.csproj", "{2AFEB205-61B6-4F3D-93CC-08D69ED536A2}"
EndProject
Project("{FAE04EC0-301F-11D3-BF4B-00C04F79EFBC}") = "Keyboard Example", "Keyboard Example\Keyboard Example.csproj", "{2E4BF683-8AB1-4E1F-BF51-E4A761F3CA1D}"
EndProject
Project("{FAE04EC0-301F-11D3-BF4B-00C04F79EFBC}") = "Mouse Paint", "Mouse Paint\Mouse Paint.csproj", "{2485FDD0-78C9-4B32-81F0-5E08306707F4}"
EndProject
Global
	GlobalSection(SolutionConfigurationPlatforms) = preSolution
		Debug|Any CPU = Debug|Any CPU
		Release|Any CPU = Release|Any CPU
	EndGlobalSection
	GlobalSection(ProjectConfigurationPlatforms) = postSolution
		{70AEEFA1-8944-4FE2-9EF8-4D97D69A2B35}.Debug|Any CPU.ActiveCfg = Debug|Any CPU
		{70AEEFA1-8944-4FE2-9EF8-4D97D69A2B35}.Debug|Any CPU.Build.0 = Debug|Any CPU
		{70AEEFA1-8944-4FE2-9EF8-4D97D69A2B35}.Release|Any CPU.ActiveCfg = Release|Any CPU
		{70AEEFA1-8944-4FE2-9EF8-4D97D69A2B35}.Release|Any CPU.Build.0 = Release|Any CPU
		{ACEF22DA-C987-4FFE-B2B2-B7A2FCF2C6FF}.Debug|Any CPU.ActiveCfg = Debug|Any CPU
		{ACEF22DA-C987-4FFE-B2B2-B7A2FCF2C6FF}.Debug|Any CPU.Build.0 = Debug|Any CPU
		{ACEF22DA-C987-4FFE-B2B2-B7A2FCF2C6FF}.Release|Any CPU.ActiveCfg = Release|Any CPU
		{ACEF22DA-C987-4FFE-B2B2-B7A2FCF2C6FF}.Release|Any CPU.Build.0 = Release|Any CPU
		{A19F2150-CF70-4F4B-8599-262BD57C4A91}.Debug|Any CPU.ActiveCfg = Debug|Any CPU
		{A19F2150-CF70-4F4B-8599-262BD57C4A91}.Debug|Any CPU.Build.0 = Debug|Any CPU
		{A19F2150-CF70-4F4B-8599-262BD57C4A91}.Release|Any CPU.ActiveCfg = Release|Any CPU
		{A19F2150-CF70-4F4B-8599-262BD57C4A91}.Release|Any CPU.Build.0 = Release|Any CPU
		{4B1F15AB-6009-43FF-911A-9153E3C5A775}.Debug|Any CPU.ActiveCfg = Debug|Any CPU
		{4B1F15AB-6009-43FF-911A-9153E3C5A775}.Debug|Any CPU.Build.0 = Debug|Any CPU
		{4B1F15AB-6009-43FF-911A-9153E3C5A775}.Release|Any CPU.ActiveCfg = Release|Any CPU
		{4B1F15AB-6009-43FF-911A-9153E3C5A775}.Release|Any CPU.Build.0 = Release|Any CPU
		{6EC8D1AD-AEBC-4376-AC9C-869FD1F11FAC}.Debug|Any CPU.ActiveCfg = Debug|Any CPU
		{6EC8D1AD-AEBC-4376-AC9C-869FD1F11FAC}.Debug|Any CPU.Build.0 = Debug|Any CPU
		{6EC8D1AD-AEBC-4376-AC9C-869FD1F11FAC}.Release|Any CPU.ActiveCfg = Release|Any CPU
		{6EC8D1AD-AEBC-4376-AC9C-869FD1F11FAC}.Release|Any CPU.Build.0 = Release|Any CPU
		{0DECB10D-C908-4B3F-AC00-24EC16D6959D}.Debug|Any CPU.ActiveCfg = Debug|Any CPU
		{0DECB10D-C908-4B3F-AC00-24EC16D6959D}.Debug|Any CPU.Build.0 = Debug|Any CPU
		{0DECB10D-C908-4B3F-AC00-24EC16D6959D}.Release|Any CPU.ActiveCfg = Release|Any CPU
		{0DECB10D-C908-4B3F-AC00-24EC16D6959D}.Release|Any CPU.Build.0 = Release|Any CPU
		{E32C9954-B93D-4389-9F50-599049E1AB59}.Debug|Any CPU.ActiveCfg = Debug|Any CPU
		{E32C9954-B93D-4389-9F50-599049E1AB59}.Debug|Any CPU.Build.0 = Debug|Any CPU
		{E32C9954-B93D-4389-9F50-599049E1AB59}.Release|Any CPU.ActiveCfg = Release|Any CPU
		{E32C9954-B93D-4389-9F50-599049E1AB59}.Release|Any CPU.Build.0 = Release|Any CPU
		{117CEBC2-124C-4474-8ECE-52A27965D17D}.Debug|Any CPU.ActiveCfg = Debug|Any CPU
		{117CEBC2-124C-4474-8ECE-52A27965D17D}.Debug|Any CPU.Build.0 = Debug|Any CPU
		{117CEBC2-124C-4474-8ECE-52A27965D17D}.Release|Any CPU.ActiveCfg = Release|Any CPU
		{117CEBC2-124C-4474-8ECE-52A27965D17D}.Release|Any CPU.Build.0 = Release|Any CPU
		{7025A0F2-20FB-4677-94F6-A4E9D71B48AE}.Debug|Any CPU.ActiveCfg = Debug|Any CPU
		{7025A0F2-20FB-4677-94F6-A4E9D71B48AE}.Debug|Any CPU.Build.0 = Debug|Any CPU
		{7025A0F2-20FB-4677-94F6-A4E9D71B48AE}.Release|Any CPU.ActiveCfg = Release|Any CPU
		{7025A0F2-20FB-4677-94F6-A4E9D71B48AE}.Release|Any CPU.Build.0 = Release|Any CPU
		{69AFE221-4D6A-4897-AE5D-836CA76036F1}.Debug|Any CPU.ActiveCfg = Debug|Any CPU
		{69AFE221-4D6A-4897-AE5D-836CA76036F1}.Debug|Any CPU.Build.0 = Debug|Any CPU
		{69AFE221-4D6A-4897-AE5D-836CA76036F1}.Release|Any CPU.ActiveCfg = Release|Any CPU
		{69AFE221-4D6A-4897-AE5D-836CA76036F1}.Release|Any CPU.Build.0 = Release|Any CPU
		{2AFEB205-61B6-4F3D-93CC-08D69ED536A2}.Debug|Any CPU.ActiveCfg = Debug|Any CPU
		{2AFEB205-61B6-4F3D-93CC-08D69ED536A2}.Debug|Any CPU.Build.0 = Debug|Any CPU
		{2AFEB205-61B6-4F3D-93CC-08D69ED536A2}.Release|Any CPU.ActiveCfg = Release|Any CPU
		{2AFEB205-61B6-4F3D-93CC-08D69ED536A2}.Release|Any CPU.Build.0 = Release|Any CPU
		{2E4BF683-8AB1-4E1F-BF51-E4A761F3CA1D}.Debug|Any CPU.ActiveCfg = Debug|Any CPU
		{2E4BF683-8AB1-4E1F-BF51-E4A761F3CA1D}.Debug|Any CPU.Build.0 = Debug|Any CPU
		{2E4BF683-8AB1-4E1F-BF51-E4A761F3CA1D}.Release|Any CPU.ActiveCfg = Release|Any CPU
		{2E4BF683-8AB1-4E1F-BF51-E4A761F3CA1D}.Release|Any CPU.Build.0 = Release|Any CPU
		{2485FDD0-78C9-4B32-81F0-5E08306707F4}.Debug|Any CPU.ActiveCfg = Debug|Any CPU
		{2485FDD0-78C9-4B32-81F0-5E08306707F4}.Debug|Any CPU.Build.0 = Debug|Any CPU
		{2485FDD0-78C9-4B32-81F0-5E08306707F4}.Release|Any CPU.ActiveCfg = Release|Any CPU
		{2485FDD0-78C9-4B32-81F0-5E08306707F4}.Release|Any CPU.Build.0 = Release|Any CPU
	EndGlobalSection
	GlobalSection(SolutionProperties) = preSolution
		HideSolutionNode = FALSE
	EndGlobalSection
	GlobalSection(ExtensibilityGlobals) = postSolution
		SolutionGuid = {B75D1EB6-2595-4EC1-9FEF-F7912FC70C80}
	EndGlobalSection
EndGlobal
