
Microsoft Visual Studio Solution File, Format Version 12.00
# Visual Studio Version 17
VisualStudioVersion = 17.3.32929.385
MinimumVisualStudioVersion = 10.0.40219.1
Project("{FAE04EC0-301F-11D3-BF4B-00C04F79EFBC}") = "MoveResizeApp", "MoveResizeApp\MoveResizeApp.csproj", "{C787E828-131B-4D43-A162-3E1ED87CDF49}"
EndProject
Project("{FAE04EC0-301F-11D3-BF4B-00C04F79EFBC}") = "WindowsFormsApp2", "WindowsFormsApp2\WindowsFormsApp2.csproj", "{FFE7B5CB-0CE3-493B-B3A2-8DEF82A09E1E}"
EndProject
Project("{FAE04EC0-301F-11D3-BF4B-00C04F79EFBC}") = "WindowsFormsApp3", "WindowsFormsApp3\WindowsFormsApp3.csproj", "{B930BE83-FEAC-44E6-96F7-404F87E88EFC}"
EndProject
Project("{FAE04EC0-301F-11D3-BF4B-00C04F79EFBC}") = "ch 07-01", "ch 07-01\ch 07-01.csproj", "{0DA9DD6A-ABCC-44DA-8075-918DF07C076A}"
EndProject
Project("{FAE04EC0-301F-11D3-BF4B-00C04F79EFBC}") = "ch 07-03", "ch 07-03\ch 07-03.csproj", "{0B6D11FF-9C48-4FD9-A2AA-3947688BCEAE}"
EndProject
Global
	GlobalSection(SolutionConfigurationPlatforms) = preSolution
		Debug|Any CPU = Debug|Any CPU
		Release|Any CPU = Release|Any CPU
	EndGlobalSection
	GlobalSection(ProjectConfigurationPlatforms) = postSolution
		{C787E828-131B-4D43-A162-3E1ED87CDF49}.Debug|Any CPU.ActiveCfg = Debug|Any CPU
		{C787E828-131B-4D43-A162-3E1ED87CDF49}.Debug|Any CPU.Build.0 = Debug|Any CPU
		{C787E828-131B-4D43-A162-3E1ED87CDF49}.Release|Any CPU.ActiveCfg = Release|Any CPU
		{C787E828-131B-4D43-A162-3E1ED87CDF49}.Release|Any CPU.Build.0 = Release|Any CPU
		{FFE7B5CB-0CE3-493B-B3A2-8DEF82A09E1E}.Debug|Any CPU.ActiveCfg = Debug|Any CPU
		{FFE7B5CB-0CE3-493B-B3A2-8DEF82A09E1E}.Debug|Any CPU.Build.0 = Debug|Any CPU
		{FFE7B5CB-0CE3-493B-B3A2-8DEF82A09E1E}.Release|Any CPU.ActiveCfg = Release|Any CPU
		{FFE7B5CB-0CE3-493B-B3A2-8DEF82A09E1E}.Release|Any CPU.Build.0 = Release|Any CPU
		{B930BE83-FEAC-44E6-96F7-404F87E88EFC}.Debug|Any CPU.ActiveCfg = Debug|Any CPU
		{B930BE83-FEAC-44E6-96F7-404F87E88EFC}.Debug|Any CPU.Build.0 = Debug|Any CPU
		{B930BE83-FEAC-44E6-96F7-404F87E88EFC}.Release|Any CPU.ActiveCfg = Release|Any CPU
		{B930BE83-FEAC-44E6-96F7-404F87E88EFC}.Release|Any CPU.Build.0 = Release|Any CPU
		{0DA9DD6A-ABCC-44DA-8075-918DF07C076A}.Debug|Any CPU.ActiveCfg = Debug|Any CPU
		{0DA9DD6A-ABCC-44DA-8075-918DF07C076A}.Debug|Any CPU.Build.0 = Debug|Any CPU
		{0DA9DD6A-ABCC-44DA-8075-918DF07C076A}.Release|Any CPU.ActiveCfg = Release|Any CPU
		{0DA9DD6A-ABCC-44DA-8075-918DF07C076A}.Release|Any CPU.Build.0 = Release|Any CPU
		{0B6D11FF-9C48-4FD9-A2AA-3947688BCEAE}.Debug|Any CPU.ActiveCfg = Debug|Any CPU
		{0B6D11FF-9C48-4FD9-A2AA-3947688BCEAE}.Debug|Any CPU.Build.0 = Debug|Any CPU
		{0B6D11FF-9C48-4FD9-A2AA-3947688BCEAE}.Release|Any CPU.ActiveCfg = Release|Any CPU
		{0B6D11FF-9C48-4FD9-A2AA-3947688BCEAE}.Release|Any CPU.Build.0 = Release|Any CPU
	EndGlobalSection
	GlobalSection(SolutionProperties) = preSolution
		HideSolutionNode = FALSE
	EndGlobalSection
	GlobalSection(ExtensibilityGlobals) = postSolution
		SolutionGuid = {34ED13CD-9061-4BB3-AA40-FFA1C422D902}
	EndGlobalSection
EndGlobal
