
Microsoft Visual Studio Solution File, Format Version 12.00
# Visual Studio Version 17
VisualStudioVersion = 17.3.32922.545
MinimumVisualStudioVersion = 10.0.40219.1
Project("{FAE04EC0-301F-11D3-BF4B-00C04F79EFBC}") = "ch 2-09", "ch 2-09\ch 2-09.csproj", "{297F2D51-16D7-4110-B44E-DA9060545D08}"
EndProject
Project("{FAE04EC0-301F-11D3-BF4B-00C04F79EFBC}") = "ch 2-11", "ch 2-11\ch 2-11.csproj", "{54F5858B-9113-4CFE-9DDD-91A600898703}"
EndProject
Project("{FAE04EC0-301F-11D3-BF4B-00C04F79EFBC}") = "ch 2-12", "ch 2-12\ch 2-12.csproj", "{98F0CE3B-78EA-4EB9-9E84-A7825561ADCF}"
EndProject
Project("{FAE04EC0-301F-11D3-BF4B-00C04F79EFBC}") = "ch 2-21", "ch 2-21\ch 2-21.csproj", "{C128BBAE-145A-42FE-B46D-0C519B81356D}"
EndProject
Project("{FAE04EC0-301F-11D3-BF4B-00C04F79EFBC}") = "ch 2-25", "ch 2-25\ch 2-25.csproj", "{094DE8B5-276E-4A34-A8DB-400BE778687C}"
EndProject
Global
	GlobalSection(SolutionConfigurationPlatforms) = preSolution
		Debug|Any CPU = Debug|Any CPU
		Release|Any CPU = Release|Any CPU
	EndGlobalSection
	GlobalSection(ProjectConfigurationPlatforms) = postSolution
		{297F2D51-16D7-4110-B44E-DA9060545D08}.Debug|Any CPU.ActiveCfg = Debug|Any CPU
		{297F2D51-16D7-4110-B44E-DA9060545D08}.Debug|Any CPU.Build.0 = Debug|Any CPU
		{297F2D51-16D7-4110-B44E-DA9060545D08}.Release|Any CPU.ActiveCfg = Release|Any CPU
		{297F2D51-16D7-4110-B44E-DA9060545D08}.Release|Any CPU.Build.0 = Release|Any CPU
		{54F5858B-9113-4CFE-9DDD-91A600898703}.Debug|Any CPU.ActiveCfg = Debug|Any CPU
		{54F5858B-9113-4CFE-9DDD-91A600898703}.Debug|Any CPU.Build.0 = Debug|Any CPU
		{54F5858B-9113-4CFE-9DDD-91A600898703}.Release|Any CPU.ActiveCfg = Release|Any CPU
		{54F5858B-9113-4CFE-9DDD-91A600898703}.Release|Any CPU.Build.0 = Release|Any CPU
		{98F0CE3B-78EA-4EB9-9E84-A7825561ADCF}.Debug|Any CPU.ActiveCfg = Debug|Any CPU
		{98F0CE3B-78EA-4EB9-9E84-A7825561ADCF}.Debug|Any CPU.Build.0 = Debug|Any CPU
		{98F0CE3B-78EA-4EB9-9E84-A7825561ADCF}.Release|Any CPU.ActiveCfg = Release|Any CPU
		{98F0CE3B-78EA-4EB9-9E84-A7825561ADCF}.Release|Any CPU.Build.0 = Release|Any CPU
		{C128BBAE-145A-42FE-B46D-0C519B81356D}.Debug|Any CPU.ActiveCfg = Debug|Any CPU
		{C128BBAE-145A-42FE-B46D-0C519B81356D}.Debug|Any CPU.Build.0 = Debug|Any CPU
		{C128BBAE-145A-42FE-B46D-0C519B81356D}.Release|Any CPU.ActiveCfg = Release|Any CPU
		{C128BBAE-145A-42FE-B46D-0C519B81356D}.Release|Any CPU.Build.0 = Release|Any CPU
		{094DE8B5-276E-4A34-A8DB-400BE778687C}.Debug|Any CPU.ActiveCfg = Debug|Any CPU
		{094DE8B5-276E-4A34-A8DB-400BE778687C}.Debug|Any CPU.Build.0 = Debug|Any CPU
		{094DE8B5-276E-4A34-A8DB-400BE778687C}.Release|Any CPU.ActiveCfg = Release|Any CPU
		{094DE8B5-276E-4A34-A8DB-400BE778687C}.Release|Any CPU.Build.0 = Release|Any CPU
	EndGlobalSection
	GlobalSection(SolutionProperties) = preSolution
		HideSolutionNode = FALSE
	EndGlobalSection
	GlobalSection(ExtensibilityGlobals) = postSolution
		SolutionGuid = {4922686D-3B63-483B-9296-FA77C820B25E}
	EndGlobalSection
EndGlobal
