
Microsoft Visual Studio Solution File, Format Version 12.00
# Visual Studio Version 17
VisualStudioVersion = 17.3.32825.248
MinimumVisualStudioVersion = 10.0.40219.1
Project("{FAE04EC0-301F-11D3-BF4B-00C04F79EFBC}") = "WinFormApp", "WinFormApp\WinFormApp.csproj", "{CFA2E0E8-838E-44FC-B19B-2BEA4D9BEF56}"
EndProject
Project("{FAE04EC0-301F-11D3-BF4B-00C04F79EFBC}") = "HelloWorld", "HelloWorld\HelloWorld.csproj", "{F217BA3B-1597-415C-B501-D9F835BDAEFC}"
EndProject
Project("{FAE04EC0-301F-11D3-BF4B-00C04F79EFBC}") = "ch 1-2", "ch 1-2\ch 1-2.csproj", "{310758C4-CED6-4A2F-BB47-46A1929066BA}"
EndProject
Project("{FAE04EC0-301F-11D3-BF4B-00C04F79EFBC}") = "ch 1-4", "ch 1-4\ch 1-4.csproj", "{1F75C017-7154-4BDD-9737-156F42192154}"
EndProject
Project("{FAE04EC0-301F-11D3-BF4B-00C04F79EFBC}") = "ch 1-5", "ch 1-5\ch 1-5.csproj", "{FD0A80AF-2166-42DF-A33C-69EB1C52CAF1}"
EndProject
Project("{FAE04EC0-301F-11D3-BF4B-00C04F79EFBC}") = "ch 1-6", "ch 1-6\ch 1-6.csproj", "{2FEC2C41-10BF-48EF-8088-FB12401C5BFD}"
EndProject
Project("{FAE04EC0-301F-11D3-BF4B-00C04F79EFBC}") = "ch 1-7", "ch 1-7\ch 1-7.csproj", "{D328C134-7DF9-4530-AFED-72F1981A1B50}"
EndProject
Project("{FAE04EC0-301F-11D3-BF4B-00C04F79EFBC}") = "ch 1-8", "ch 1-8\ch 1-8.csproj", "{1878328A-6089-4130-85DB-9C7C3F7A12D4}"
EndProject
Project("{FAE04EC0-301F-11D3-BF4B-00C04F79EFBC}") = "ch 1-9", "ch 1-9\ch 1-9.csproj", "{B0E13DC5-CC21-4A28-B7CF-8CD5EA6BF4FD}"
EndProject
Global
	GlobalSection(SolutionConfigurationPlatforms) = preSolution
		Debug|Any CPU = Debug|Any CPU
		Release|Any CPU = Release|Any CPU
	EndGlobalSection
	GlobalSection(ProjectConfigurationPlatforms) = postSolution
		{CFA2E0E8-838E-44FC-B19B-2BEA4D9BEF56}.Debug|Any CPU.ActiveCfg = Debug|Any CPU
		{CFA2E0E8-838E-44FC-B19B-2BEA4D9BEF56}.Debug|Any CPU.Build.0 = Debug|Any CPU
		{CFA2E0E8-838E-44FC-B19B-2BEA4D9BEF56}.Release|Any CPU.ActiveCfg = Release|Any CPU
		{CFA2E0E8-838E-44FC-B19B-2BEA4D9BEF56}.Release|Any CPU.Build.0 = Release|Any CPU
		{F217BA3B-1597-415C-B501-D9F835BDAEFC}.Debug|Any CPU.ActiveCfg = Debug|Any CPU
		{F217BA3B-1597-415C-B501-D9F835BDAEFC}.Debug|Any CPU.Build.0 = Debug|Any CPU
		{F217BA3B-1597-415C-B501-D9F835BDAEFC}.Release|Any CPU.ActiveCfg = Release|Any CPU
		{F217BA3B-1597-415C-B501-D9F835BDAEFC}.Release|Any CPU.Build.0 = Release|Any CPU
		{310758C4-CED6-4A2F-BB47-46A1929066BA}.Debug|Any CPU.ActiveCfg = Debug|Any CPU
		{310758C4-CED6-4A2F-BB47-46A1929066BA}.Debug|Any CPU.Build.0 = Debug|Any CPU
		{310758C4-CED6-4A2F-BB47-46A1929066BA}.Release|Any CPU.ActiveCfg = Release|Any CPU
		{310758C4-CED6-4A2F-BB47-46A1929066BA}.Release|Any CPU.Build.0 = Release|Any CPU
		{1F75C017-7154-4BDD-9737-156F42192154}.Debug|Any CPU.ActiveCfg = Debug|Any CPU
		{1F75C017-7154-4BDD-9737-156F42192154}.Debug|Any CPU.Build.0 = Debug|Any CPU
		{1F75C017-7154-4BDD-9737-156F42192154}.Release|Any CPU.ActiveCfg = Release|Any CPU
		{1F75C017-7154-4BDD-9737-156F42192154}.Release|Any CPU.Build.0 = Release|Any CPU
		{FD0A80AF-2166-42DF-A33C-69EB1C52CAF1}.Debug|Any CPU.ActiveCfg = Debug|Any CPU
		{FD0A80AF-2166-42DF-A33C-69EB1C52CAF1}.Debug|Any CPU.Build.0 = Debug|Any CPU
		{FD0A80AF-2166-42DF-A33C-69EB1C52CAF1}.Release|Any CPU.ActiveCfg = Release|Any CPU
		{FD0A80AF-2166-42DF-A33C-69EB1C52CAF1}.Release|Any CPU.Build.0 = Release|Any CPU
		{2FEC2C41-10BF-48EF-8088-FB12401C5BFD}.Debug|Any CPU.ActiveCfg = Debug|Any CPU
		{2FEC2C41-10BF-48EF-8088-FB12401C5BFD}.Debug|Any CPU.Build.0 = Debug|Any CPU
		{2FEC2C41-10BF-48EF-8088-FB12401C5BFD}.Release|Any CPU.ActiveCfg = Release|Any CPU
		{2FEC2C41-10BF-48EF-8088-FB12401C5BFD}.Release|Any CPU.Build.0 = Release|Any CPU
		{D328C134-7DF9-4530-AFED-72F1981A1B50}.Debug|Any CPU.ActiveCfg = Debug|Any CPU
		{D328C134-7DF9-4530-AFED-72F1981A1B50}.Debug|Any CPU.Build.0 = Debug|Any CPU
		{D328C134-7DF9-4530-AFED-72F1981A1B50}.Release|Any CPU.ActiveCfg = Release|Any CPU
		{D328C134-7DF9-4530-AFED-72F1981A1B50}.Release|Any CPU.Build.0 = Release|Any CPU
		{1878328A-6089-4130-85DB-9C7C3F7A12D4}.Debug|Any CPU.ActiveCfg = Debug|Any CPU
		{1878328A-6089-4130-85DB-9C7C3F7A12D4}.Debug|Any CPU.Build.0 = Debug|Any CPU
		{1878328A-6089-4130-85DB-9C7C3F7A12D4}.Release|Any CPU.ActiveCfg = Release|Any CPU
		{1878328A-6089-4130-85DB-9C7C3F7A12D4}.Release|Any CPU.Build.0 = Release|Any CPU
		{B0E13DC5-CC21-4A28-B7CF-8CD5EA6BF4FD}.Debug|Any CPU.ActiveCfg = Debug|Any CPU
		{B0E13DC5-CC21-4A28-B7CF-8CD5EA6BF4FD}.Debug|Any CPU.Build.0 = Debug|Any CPU
		{B0E13DC5-CC21-4A28-B7CF-8CD5EA6BF4FD}.Release|Any CPU.ActiveCfg = Release|Any CPU
		{B0E13DC5-CC21-4A28-B7CF-8CD5EA6BF4FD}.Release|Any CPU.Build.0 = Release|Any CPU
	EndGlobalSection
	GlobalSection(SolutionProperties) = preSolution
		HideSolutionNode = FALSE
	EndGlobalSection
	GlobalSection(ExtensibilityGlobals) = postSolution
		SolutionGuid = {0A162820-8E55-4734-8BAD-0549A36BFE8E}
	EndGlobalSection
EndGlobal
