
Microsoft Visual Studio Solution File, Format Version 12.00
# Visual Studio Version 17
VisualStudioVersion = 17.3.32929.385
MinimumVisualStudioVersion = 10.0.40219.1
Project("{FAE04EC0-301F-11D3-BF4B-00C04F79EFBC}") = "ch09-01", "ch09-01\ch09-01.csproj", "{BD6B185F-2605-451B-8D44-23EE62C2EAAD}"
EndProject
Project("{FAE04EC0-301F-11D3-BF4B-00C04F79EFBC}") = "ch09-02", "ch09-02\ch09-02.csproj", "{3A44B156-215A-4AF0-AD18-D1A49F416F4E}"
EndProject
Project("{FAE04EC0-301F-11D3-BF4B-00C04F79EFBC}") = "ch09-03", "ch09-03\ch09-03.csproj", "{F1FBD9F3-1FB3-48C6-8F01-E743405CA34B}"
EndProject
Project("{FAE04EC0-301F-11D3-BF4B-00C04F79EFBC}") = "ch09-04", "ch09-04\ch09-04.csproj", "{70EB044E-C27D-4254-95CF-A6DE70DCAEA1}"
EndProject
Project("{FAE04EC0-301F-11D3-BF4B-00C04F79EFBC}") = "ch09-05", "ch09-05\ch09-05.csproj", "{ABC2D891-4244-4297-8E32-A041AC4C4754}"
EndProject
Project("{FAE04EC0-301F-11D3-BF4B-00C04F79EFBC}") = "ch09-06", "ch09-06\ch09-06.csproj", "{DB74521D-6EB0-4A85-BDC0-C429BF849284}"
EndProject
Project("{FAE04EC0-301F-11D3-BF4B-00C04F79EFBC}") = "ch09-07", "ch09-07\ch09-07.csproj", "{7FCF9215-A06E-4F45-954D-A0DE6B8E0376}"
EndProject
Project("{FAE04EC0-301F-11D3-BF4B-00C04F79EFBC}") = "ch09-08", "ch09-08\ch09-08.csproj", "{1F58BD5B-E8EB-4334-91C9-3271218F5CB9}"
EndProject
Project("{FAE04EC0-301F-11D3-BF4B-00C04F79EFBC}") = "ch09-09", "ch09-09\ch09-09.csproj", "{B3046CA9-4D2D-447C-9247-9D09E47956C3}"
EndProject
Project("{FAE04EC0-301F-11D3-BF4B-00C04F79EFBC}") = "ch09-10", "ch09-10\ch09-10.csproj", "{0345185A-1881-48D7-9B3F-0EBEF72C2369}"
EndProject
Project("{FAE04EC0-301F-11D3-BF4B-00C04F79EFBC}") = "ch09-11", "ch09-11\ch09-11.csproj", "{9556F893-1A1A-4A8E-AD0D-62E5A1E715EF}"
EndProject
Project("{FAE04EC0-301F-11D3-BF4B-00C04F79EFBC}") = "ClassProgrammingExample", "ClassProgrammingExample\ClassProgrammingExample.csproj", "{37A3A760-2646-403E-89B8-1783FD70B6B3}"
EndProject
Project("{FAE04EC0-301F-11D3-BF4B-00C04F79EFBC}") = "event_method_sharing", "event_method_sharing\event_method_sharing.csproj", "{297863DE-9898-4BC8-8031-EC3668FC7E41}"
EndProject
Project("{FAE04EC0-301F-11D3-BF4B-00C04F79EFBC}") = "ExGroupbox", "ExGroupbox\ExGroupbox.csproj", "{AB2D7094-B1B4-4CA5-87BD-1C9538C15C0A}"
EndProject
Project("{FAE04EC0-301F-11D3-BF4B-00C04F79EFBC}") = "Form2Form_Comm", "Form2Form_Comm\Form2Form_Comm.csproj", "{E2509F94-6E97-45C1-8B4D-6056A2980AE7}"
EndProject
Project("{FAE04EC0-301F-11D3-BF4B-00C04F79EFBC}") = "snap", "snap\snap.csproj", "{4C3B14C8-C4CE-4F1B-9A98-31A005117A16}"
EndProject
Global
	GlobalSection(SolutionConfigurationPlatforms) = preSolution
		Debug|Any CPU = Debug|Any CPU
		Release|Any CPU = Release|Any CPU
	EndGlobalSection
	GlobalSection(ProjectConfigurationPlatforms) = postSolution
		{BD6B185F-2605-451B-8D44-23EE62C2EAAD}.Debug|Any CPU.ActiveCfg = Debug|Any CPU
		{BD6B185F-2605-451B-8D44-23EE62C2EAAD}.Debug|Any CPU.Build.0 = Debug|Any CPU
		{BD6B185F-2605-451B-8D44-23EE62C2EAAD}.Release|Any CPU.ActiveCfg = Release|Any CPU
		{BD6B185F-2605-451B-8D44-23EE62C2EAAD}.Release|Any CPU.Build.0 = Release|Any CPU
		{3A44B156-215A-4AF0-AD18-D1A49F416F4E}.Debug|Any CPU.ActiveCfg = Debug|Any CPU
		{3A44B156-215A-4AF0-AD18-D1A49F416F4E}.Debug|Any CPU.Build.0 = Debug|Any CPU
		{3A44B156-215A-4AF0-AD18-D1A49F416F4E}.Release|Any CPU.ActiveCfg = Release|Any CPU
		{3A44B156-215A-4AF0-AD18-D1A49F416F4E}.Release|Any CPU.Build.0 = Release|Any CPU
		{F1FBD9F3-1FB3-48C6-8F01-E743405CA34B}.Debug|Any CPU.ActiveCfg = Debug|Any CPU
		{F1FBD9F3-1FB3-48C6-8F01-E743405CA34B}.Debug|Any CPU.Build.0 = Debug|Any CPU
		{F1FBD9F3-1FB3-48C6-8F01-E743405CA34B}.Release|Any CPU.ActiveCfg = Release|Any CPU
		{F1FBD9F3-1FB3-48C6-8F01-E743405CA34B}.Release|Any CPU.Build.0 = Release|Any CPU
		{70EB044E-C27D-4254-95CF-A6DE70DCAEA1}.Debug|Any CPU.ActiveCfg = Debug|Any CPU
		{70EB044E-C27D-4254-95CF-A6DE70DCAEA1}.Debug|Any CPU.Build.0 = Debug|Any CPU
		{70EB044E-C27D-4254-95CF-A6DE70DCAEA1}.Release|Any CPU.ActiveCfg = Release|Any CPU
		{70EB044E-C27D-4254-95CF-A6DE70DCAEA1}.Release|Any CPU.Build.0 = Release|Any CPU
		{ABC2D891-4244-4297-8E32-A041AC4C4754}.Debug|Any CPU.ActiveCfg = Debug|Any CPU
		{ABC2D891-4244-4297-8E32-A041AC4C4754}.Debug|Any CPU.Build.0 = Debug|Any CPU
		{ABC2D891-4244-4297-8E32-A041AC4C4754}.Release|Any CPU.ActiveCfg = Release|Any CPU
		{ABC2D891-4244-4297-8E32-A041AC4C4754}.Release|Any CPU.Build.0 = Release|Any CPU
		{DB74521D-6EB0-4A85-BDC0-C429BF849284}.Debug|Any CPU.ActiveCfg = Debug|Any CPU
		{DB74521D-6EB0-4A85-BDC0-C429BF849284}.Debug|Any CPU.Build.0 = Debug|Any CPU
		{DB74521D-6EB0-4A85-BDC0-C429BF849284}.Release|Any CPU.ActiveCfg = Release|Any CPU
		{DB74521D-6EB0-4A85-BDC0-C429BF849284}.Release|Any CPU.Build.0 = Release|Any CPU
		{7FCF9215-A06E-4F45-954D-A0DE6B8E0376}.Debug|Any CPU.ActiveCfg = Debug|Any CPU
		{7FCF9215-A06E-4F45-954D-A0DE6B8E0376}.Debug|Any CPU.Build.0 = Debug|Any CPU
		{7FCF9215-A06E-4F45-954D-A0DE6B8E0376}.Release|Any CPU.ActiveCfg = Release|Any CPU
		{7FCF9215-A06E-4F45-954D-A0DE6B8E0376}.Release|Any CPU.Build.0 = Release|Any CPU
		{1F58BD5B-E8EB-4334-91C9-3271218F5CB9}.Debug|Any CPU.ActiveCfg = Debug|Any CPU
		{1F58BD5B-E8EB-4334-91C9-3271218F5CB9}.Debug|Any CPU.Build.0 = Debug|Any CPU
		{1F58BD5B-E8EB-4334-91C9-3271218F5CB9}.Release|Any CPU.ActiveCfg = Release|Any CPU
		{1F58BD5B-E8EB-4334-91C9-3271218F5CB9}.Release|Any CPU.Build.0 = Release|Any CPU
		{B3046CA9-4D2D-447C-9247-9D09E47956C3}.Debug|Any CPU.ActiveCfg = Debug|Any CPU
		{B3046CA9-4D2D-447C-9247-9D09E47956C3}.Debug|Any CPU.Build.0 = Debug|Any CPU
		{B3046CA9-4D2D-447C-9247-9D09E47956C3}.Release|Any CPU.ActiveCfg = Release|Any CPU
		{B3046CA9-4D2D-447C-9247-9D09E47956C3}.Release|Any CPU.Build.0 = Release|Any CPU
		{0345185A-1881-48D7-9B3F-0EBEF72C2369}.Debug|Any CPU.ActiveCfg = Debug|Any CPU
		{0345185A-1881-48D7-9B3F-0EBEF72C2369}.Debug|Any CPU.Build.0 = Debug|Any CPU
		{0345185A-1881-48D7-9B3F-0EBEF72C2369}.Release|Any CPU.ActiveCfg = Release|Any CPU
		{0345185A-1881-48D7-9B3F-0EBEF72C2369}.Release|Any CPU.Build.0 = Release|Any CPU
		{9556F893-1A1A-4A8E-AD0D-62E5A1E715EF}.Debug|Any CPU.ActiveCfg = Debug|Any CPU
		{9556F893-1A1A-4A8E-AD0D-62E5A1E715EF}.Debug|Any CPU.Build.0 = Debug|Any CPU
		{9556F893-1A1A-4A8E-AD0D-62E5A1E715EF}.Release|Any CPU.ActiveCfg = Release|Any CPU
		{9556F893-1A1A-4A8E-AD0D-62E5A1E715EF}.Release|Any CPU.Build.0 = Release|Any CPU
		{37A3A760-2646-403E-89B8-1783FD70B6B3}.Debug|Any CPU.ActiveCfg = Debug|Any CPU
		{37A3A760-2646-403E-89B8-1783FD70B6B3}.Debug|Any CPU.Build.0 = Debug|Any CPU
		{37A3A760-2646-403E-89B8-1783FD70B6B3}.Release|Any CPU.ActiveCfg = Release|Any CPU
		{37A3A760-2646-403E-89B8-1783FD70B6B3}.Release|Any CPU.Build.0 = Release|Any CPU
		{297863DE-9898-4BC8-8031-EC3668FC7E41}.Debug|Any CPU.ActiveCfg = Debug|Any CPU
		{297863DE-9898-4BC8-8031-EC3668FC7E41}.Debug|Any CPU.Build.0 = Debug|Any CPU
		{297863DE-9898-4BC8-8031-EC3668FC7E41}.Release|Any CPU.ActiveCfg = Release|Any CPU
		{297863DE-9898-4BC8-8031-EC3668FC7E41}.Release|Any CPU.Build.0 = Release|Any CPU
		{AB2D7094-B1B4-4CA5-87BD-1C9538C15C0A}.Debug|Any CPU.ActiveCfg = Debug|Any CPU
		{AB2D7094-B1B4-4CA5-87BD-1C9538C15C0A}.Debug|Any CPU.Build.0 = Debug|Any CPU
		{AB2D7094-B1B4-4CA5-87BD-1C9538C15C0A}.Release|Any CPU.ActiveCfg = Release|Any CPU
		{AB2D7094-B1B4-4CA5-87BD-1C9538C15C0A}.Release|Any CPU.Build.0 = Release|Any CPU
		{E2509F94-6E97-45C1-8B4D-6056A2980AE7}.Debug|Any CPU.ActiveCfg = Debug|Any CPU
		{E2509F94-6E97-45C1-8B4D-6056A2980AE7}.Debug|Any CPU.Build.0 = Debug|Any CPU
		{E2509F94-6E97-45C1-8B4D-6056A2980AE7}.Release|Any CPU.ActiveCfg = Release|Any CPU
		{E2509F94-6E97-45C1-8B4D-6056A2980AE7}.Release|Any CPU.Build.0 = Release|Any CPU
		{4C3B14C8-C4CE-4F1B-9A98-31A005117A16}.Debug|Any CPU.ActiveCfg = Debug|Any CPU
		{4C3B14C8-C4CE-4F1B-9A98-31A005117A16}.Debug|Any CPU.Build.0 = Debug|Any CPU
		{4C3B14C8-C4CE-4F1B-9A98-31A005117A16}.Release|Any CPU.ActiveCfg = Release|Any CPU
		{4C3B14C8-C4CE-4F1B-9A98-31A005117A16}.Release|Any CPU.Build.0 = Release|Any CPU
	EndGlobalSection
	GlobalSection(SolutionProperties) = preSolution
		HideSolutionNode = FALSE
	EndGlobalSection
	GlobalSection(ExtensibilityGlobals) = postSolution
		SolutionGuid = {83E8CC29-711D-4856-A3D9-E84C69562115}
	EndGlobalSection
EndGlobal
